
Microsoft Visual Studio Solution File, Format Version 11.00
# Visual Studio 2010
Project("{FAE04EC0-301F-11D3-BF4B-00C04F79EFBC}") = "WebApp", "WebApp\WebApp.csproj", "{7F03EB06-F78A-43DF-8C43-D79FF37E17A7}"
EndProject
Project("{FAE04EC0-301F-11D3-BF4B-00C04F79EFBC}") = "DynabicBilling", "Client Library\DynabicBilling\DynabicBilling.csproj", "{D0A473FA-E30B-4AF8-BB78-C1D81C9CAAB5}"
EndProject
Project("{FAE04EC0-301F-11D3-BF4B-00C04F79EFBC}") = "DynabicBilling.Tests", "Client Library\DynabicBilling.Tests\DynabicBilling.Tests.csproj", "{942796FE-D530-4435-A82F-EB9C2F403F70}"
EndProject
Project("{FAE04EC0-301F-11D3-BF4B-00C04F79EFBC}") = "DynabicPlatform", "Client Library\DynabicPlatform\DynabicPlatform.csproj", "{48A26908-3EED-407B-936E-F954F47590D2}"
EndProject
Project("{FAE04EC0-301F-11D3-BF4B-00C04F79EFBC}") = "DynabicPlatform.Tests", "Client Library\DynabicPlatform.Tests\DynabicPlatform.Tests.csproj", "{E24382C8-9E52-45A3-8311-3FC8E24329CD}"
EndProject
Global
	GlobalSection(SolutionConfigurationPlatforms) = preSolution
		Debug|Any CPU = Debug|Any CPU
		Release|Any CPU = Release|Any CPU
	EndGlobalSection
	GlobalSection(ProjectConfigurationPlatforms) = postSolution
		{7F03EB06-F78A-43DF-8C43-D79FF37E17A7}.Debug|Any CPU.ActiveCfg = Debug|Any CPU
		{7F03EB06-F78A-43DF-8C43-D79FF37E17A7}.Debug|Any CPU.Build.0 = Debug|Any CPU
		{7F03EB06-F78A-43DF-8C43-D79FF37E17A7}.Release|Any CPU.ActiveCfg = Release|Any CPU
		{7F03EB06-F78A-43DF-8C43-D79FF37E17A7}.Release|Any CPU.Build.0 = Release|Any CPU
		{D0A473FA-E30B-4AF8-BB78-C1D81C9CAAB5}.Debug|Any CPU.ActiveCfg = Debug|Any CPU
		{D0A473FA-E30B-4AF8-BB78-C1D81C9CAAB5}.Debug|Any CPU.Build.0 = Debug|Any CPU
		{D0A473FA-E30B-4AF8-BB78-C1D81C9CAAB5}.Release|Any CPU.ActiveCfg = Release|Any CPU
		{D0A473FA-E30B-4AF8-BB78-C1D81C9CAAB5}.Release|Any CPU.Build.0 = Release|Any CPU
		{942796FE-D530-4435-A82F-EB9C2F403F70}.Debug|Any CPU.ActiveCfg = Debug|Any CPU
		{942796FE-D530-4435-A82F-EB9C2F403F70}.Debug|Any CPU.Build.0 = Debug|Any CPU
		{942796FE-D530-4435-A82F-EB9C2F403F70}.Release|Any CPU.ActiveCfg = Release|Any CPU
		{942796FE-D530-4435-A82F-EB9C2F403F70}.Release|Any CPU.Build.0 = Release|Any CPU
		{48A26908-3EED-407B-936E-F954F47590D2}.Debug|Any CPU.ActiveCfg = Debug|Any CPU
		{48A26908-3EED-407B-936E-F954F47590D2}.Debug|Any CPU.Build.0 = Debug|Any CPU
		{48A26908-3EED-407B-936E-F954F47590D2}.Release|Any CPU.ActiveCfg = Release|Any CPU
		{48A26908-3EED-407B-936E-F954F47590D2}.Release|Any CPU.Build.0 = Release|Any CPU
		{E24382C8-9E52-45A3-8311-3FC8E24329CD}.Debug|Any CPU.ActiveCfg = Debug|Any CPU
		{E24382C8-9E52-45A3-8311-3FC8E24329CD}.Debug|Any CPU.Build.0 = Debug|Any CPU
		{E24382C8-9E52-45A3-8311-3FC8E24329CD}.Release|Any CPU.ActiveCfg = Release|Any CPU
		{E24382C8-9E52-45A3-8311-3FC8E24329CD}.Release|Any CPU.Build.0 = Release|Any CPU
	EndGlobalSection
	GlobalSection(SolutionProperties) = preSolution
		HideSolutionNode = FALSE
	EndGlobalSection
EndGlobal
